<?xml version="1.0" encoding="utf-8"?>
<Project ToolsVersion="4.0" xmlns="http://schemas.microsoft.com/developer/msbuild/2003">
  <ItemGroup>
    <Filter Include="Source Files">
      <UniqueIdentifier>{4FC737F1-C7A5-4376-A066-2A32D752A2FF}</UniqueIdentifier>
      <Extensions>cpp;c;cc;cxx;def;odl;idl;hpj;bat;asm;asmx</Extensions>
    </Filter>
    <Filter Include="Header Files">
      <UniqueIdentifier>{93995380-89BD-4b04-88EB-625FBE52EBFB}</UniqueIdentifier>
      <Extensions>h;hh;hpp;hxx;hm;inl;inc;xsd</Extensions>
    </Filter>
    <Filter Include="Resource Files">
      <UniqueIdentifier>{67DA6AB6-F800-4c08-8B7A-83BB121AAD01}</UniqueIdentifier>
      <Extensions>rc;ico;cur;bmp;dlg;rc2;rct;bin;rgs;gif;jpg;jpeg;jpe;resx;tiff;tif;png;wav</Extensions>
    </Filter>
  </ItemGroup>
  <ItemGroup>
    <ClCompile Include="animations\animations\Animations.cpp">
      <Filter>Source Files</Filter>
    </ClCompile>
    <ClCompile Include="arcknight01\tilemap\tilemap\tilemap\character.cpp">
      <Filter>Source Files</Filter>
    </ClCompile>
    <ClCompile Include="arcknight01\tilemap\tilemap\tilemap\item.cpp">
      <Filter>Source Files</Filter>
    </ClCompile>
    <ClCompile Include="arcknight01\tilemap\tilemap\tilemap\stdafx.cpp">
      <Filter>Source Files</Filter>
    </ClCompile>
    <ClCompile Include="arcknight01\tilemap\tilemap\tilemap\Tile.cpp">
      <Filter>Source Files</Filter>
    </ClCompile>
    <ClCompile Include="arcknight01\tilemap\tilemap\tilemap\TileMap.cpp">
      <Filter>Source Files</Filter>
    </ClCompile>
    <ClCompile Include="array\array\Array.cpp">
      <Filter>Source Files</Filter>
    </ClCompile>
    <ClCompile Include="battler\battler\Battler.cpp">
      <Filter>Source Files</Filter>
    </ClCompile>
    <ClCompile Include="c4projecttest\c4projecttest\Actor.cpp">
      <Filter>Source Files</Filter>
    </ClCompile>
    <ClCompile Include="c4projecttest\c4projecttest\C4ProjectTest.cpp">
      <Filter>Source Files</Filter>
    </ClCompile>
    <ClCompile Include="c4projecttest\c4projecttest\Character.cpp">
      <Filter>Source Files</Filter>
    </ClCompile>
    <ClCompile Include="c4projecttest\c4projecttest\Enemy.cpp">
      <Filter>Source Files</Filter>
    </ClCompile>
    <ClCompile Include="c4projecttest\c4projecttest\Map.cpp">
      <Filter>Source Files</Filter>
    </ClCompile>
    <ClCompile Include="c4projecttest\c4projecttest\Projectile.cpp">
      <Filter>Source Files</Filter>
    </ClCompile>
    <ClCompile Include="checkers\checkers\board.cpp">
      <Filter>Source Files</Filter>
    </ClCompile>
    <ClCompile Include="checkers\checkers\Checkers.cpp">
      <Filter>Source Files</Filter>
    </ClCompile>
    <ClCompile Include="checkers\checkers\game.cpp">
      <Filter>Source Files</Filter>
    </ClCompile>
    <ClCompile Include="checkers\checkers\piece.cpp">
      <Filter>Source Files</Filter>
    </ClCompile>
    <ClCompile Include="checkers\checkers\stdafx.cpp">
      <Filter>Source Files</Filter>
    </ClCompile>
    <ClCompile Include="classes\classes\classes.cpp">
      <Filter>Source Files</Filter>
    </ClCompile>
    <ClCompile Include="classes\classes\player.cpp">
      <Filter>Source Files</Filter>
    </ClCompile>
    <ClCompile Include="classesreview\classesreview\animal.cpp">
      <Filter>Source Files</Filter>
    </ClCompile>
    <ClCompile Include="classesreview\classesreview\ClassesReview.cpp">
      <Filter>Source Files</Filter>
    </ClCompile>
    <ClCompile Include="conditionals\conditionals\Conditionals.cpp">
      <Filter>Source Files</Filter>
    </ClCompile>
    <ClCompile Include="consoleapplication1\consoleapplication1\ConsoleApplication1.cpp">
      <Filter>Source Files</Filter>
    </ClCompile>
    <ClCompile Include="consoleapplication1\consoleapplication1\Guess.cpp">
      <Filter>Source Files</Filter>
    </ClCompile>
    <ClCompile Include="files\files\ReadingFiles.cpp">
      <Filter>Source Files</Filter>
    </ClCompile>
    <ClCompile Include="getstring\getstring\getString.cpp">
      <Filter>Source Files</Filter>
    </ClCompile>
    <ClCompile Include="guess\guess\Guess.cpp">
      <Filter>Source Files</Filter>
    </ClCompile>
    <ClCompile Include="howareyou\howareyou\HowAreYou.cpp">
      <Filter>Source Files</Filter>
    </ClCompile>
    <ClCompile Include="jackolantern\jackolantern\JackOLantern.cpp">
      <Filter>Source Files</Filter>
    </ClCompile>
    <ClCompile Include="jokesonyou\jokesonyou\jokesonyou.cpp">
      <Filter>Source Files</Filter>
    </ClCompile>
    <ClCompile Include="mapcreator\mapcreator\mapCreator.cpp">
      <Filter>Source Files</Filter>
    </ClCompile>
    <ClCompile Include="mapcreator\mapcreator\tile.cpp">
      <Filter>Source Files</Filter>
    </ClCompile>
    <ClCompile Include="mapcreator\mapcreator\user.cpp">
      <Filter>Source Files</Filter>
    </ClCompile>
    <ClCompile Include="myfirstproject\myfirstproject\MyFirstProject.cpp">
      <Filter>Source Files</Filter>
    </ClCompile>
    <ClCompile Include="myfirstsfmlproject\myfirstsfmlproject\myFirstSFMLProj.cpp">
      <Filter>Source Files</Filter>
    </ClCompile>
    <ClCompile Include="newprojectiles\newprojectiles\Actor.cpp">
      <Filter>Source Files</Filter>
    </ClCompile>
    <ClCompile Include="newprojectiles\newprojectiles\Character.cpp">
      <Filter>Source Files</Filter>
    </ClCompile>
    <ClCompile Include="newprojectiles\newprojectiles\Enemy.cpp">
      <Filter>Source Files</Filter>
    </ClCompile>
    <ClCompile Include="newprojectiles\newprojectiles\Map.cpp">
      <Filter>Source Files</Filter>
    </ClCompile>
    <ClCompile Include="newprojectiles\newprojectiles\newProjectiles.cpp">
      <Filter>Source Files</Filter>
    </ClCompile>
    <ClCompile Include="newprojectiles\newprojectiles\Projectile.cpp">
      <Filter>Source Files</Filter>
    </ClCompile>
    <ClCompile Include="pingpong\pingpong\ball.cpp">
      <Filter>Source Files</Filter>
    </ClCompile>
    <ClCompile Include="pingpong\pingpong\paddle.cpp">
      <Filter>Source Files</Filter>
    </ClCompile>
    <ClCompile Include="pingpong\pingpong\PingPong.cpp">
      <Filter>Source Files</Filter>
    </ClCompile>
    <ClCompile Include="roboticsc++learning\roboticsc++learning\RoboticsC++Learning.cpp">
      <Filter>Source Files</Filter>
    </ClCompile>
    <ClCompile Include="rocket\rocket\Rocket.cpp">
      <Filter>Source Files</Filter>
    </ClCompile>
    <ClCompile Include="rpg-dnd-adventure\rpg-dnd-adventure\character.cpp">
      <Filter>Source Files</Filter>
    </ClCompile>
    <ClCompile Include="rpg-dnd-adventure\rpg-dnd-adventure\enemy.cpp">
      <Filter>Source Files</Filter>
    </ClCompile>
    <ClCompile Include="rpg-dnd-adventure\rpg-dnd-adventure\player.cpp">
      <Filter>Source Files</Filter>
    </ClCompile>
    <ClCompile Include="rpg-dnd-adventure\rpg-dnd-adventure\RPG-DnD-Adventure.cpp">
      <Filter>Source Files</Filter>
    </ClCompile>
    <ClCompile Include="rpgplayinggame\rpgplayinggame\character.cpp">
      <Filter>Source Files</Filter>
    </ClCompile>
    <ClCompile Include="rpgplayinggame\rpgplayinggame\enemy.cpp">
      <Filter>Source Files</Filter>
    </ClCompile>
    <ClCompile Include="rpgplayinggame\rpgplayinggame\main.cpp">
      <Filter>Source Files</Filter>
    </ClCompile>
    <ClCompile Include="rpgplayinggame\rpgplayinggame\PetRockPlayingGame.cpp">
      <Filter>Source Files</Filter>
    </ClCompile>
    <ClCompile Include="rpgplayinggame\rpgplayinggame\player.cpp">
      <Filter>Source Files</Filter>
    </ClCompile>
    <ClCompile Include="rpgplayinggame\rpgplayinggame\Source.cpp">
      <Filter>Source Files</Filter>
    </ClCompile>
    <ClCompile Include="screentime\screentime\screentime.cpp">
      <Filter>Source Files</Filter>
    </ClCompile>
    <ClCompile Include="sfml-template\sfml-template\SFML-Template.cpp">
      <Filter>Source Files</Filter>
    </ClCompile>
    <ClCompile Include="sfml-template1\sfml-template1\SFML-Template.cpp">
      <Filter>Source Files</Filter>
    </ClCompile>
    <ClCompile Include="sprites\sprites\Sprites.cpp">
      <Filter>Source Files</Filter>
    </ClCompile>
    <ClCompile Include="stringvector\stringvector\stringvector.cpp">
      <Filter>Source Files</Filter>
    </ClCompile>
    <ClCompile Include="texttournamentturbo\texttournamentturbo\main.cpp">
      <Filter>Source Files</Filter>
    </ClCompile>
    <ClCompile Include="tilemap\tilemap\character.cpp">
      <Filter>Source Files</Filter>
    </ClCompile>
    <ClCompile Include="tilemap\tilemap\stdafx.cpp">
      <Filter>Source Files</Filter>
    </ClCompile>
    <ClCompile Include="tilemap\tilemap\Tile.cpp">
      <Filter>Source Files</Filter>
    </ClCompile>
    <ClCompile Include="tilemap\tilemap\TileMap.cpp">
      <Filter>Source Files</Filter>
    </ClCompile>
    <ClCompile Include="userstory\userstory\UserStory.cpp">
      <Filter>Source Files</Filter>
    </ClCompile>
    <ClCompile Include="vectors\vectors\vectors.cpp">
      <Filter>Source Files</Filter>
    </ClCompile>
  </ItemGroup>
  <ItemGroup>
    <ClInclude Include="arcknight01\tilemap\tilemap\tilemap\character.h">
      <Filter>Header Files</Filter>
    </ClInclude>
    <ClInclude Include="arcknight01\tilemap\tilemap\tilemap\item.h">
      <Filter>Header Files</Filter>
    </ClInclude>
    <ClInclude Include="arcknight01\tilemap\tilemap\tilemap\stdafx.h">
      <Filter>Header Files</Filter>
    </ClInclude>
    <ClInclude Include="arcknight01\tilemap\tilemap\tilemap\targetver.h">
      <Filter>Header Files</Filter>
    </ClInclude>
    <ClInclude Include="arcknight01\tilemap\tilemap\tilemap\Tile.h">
      <Filter>Header Files</Filter>
    </ClInclude>
    <ClInclude Include="arcknight01\tilemap\tilemap\tilemap\TileMap.h">
      <Filter>Header Files</Filter>
    </ClInclude>
    <ClInclude Include="c4projecttest\c4projecttest\Actor.h">
      <Filter>Header Files</Filter>
    </ClInclude>
    <ClInclude Include="c4projecttest\c4projecttest\Character.h">
      <Filter>Header Files</Filter>
    </ClInclude>
    <ClInclude Include="c4projecttest\c4projecttest\Enemy.h">
      <Filter>Header Files</Filter>
    </ClInclude>
    <ClInclude Include="c4projecttest\c4projecttest\Map.h">
      <Filter>Header Files</Filter>
    </ClInclude>
    <ClInclude Include="c4projecttest\c4projecttest\Projectile.h">
      <Filter>Header Files</Filter>
    </ClInclude>
    <ClInclude Include="checkers\checkers\board.h">
      <Filter>Header Files</Filter>
    </ClInclude>
    <ClInclude Include="checkers\checkers\game.h">
      <Filter>Header Files</Filter>
    </ClInclude>
    <ClInclude Include="checkers\checkers\piece.h">
      <Filter>Header Files</Filter>
    </ClInclude>
    <ClInclude Include="checkers\checkers\stdafx.h">
      <Filter>Header Files</Filter>
    </ClInclude>
    <ClInclude Include="checkers\checkers\targetver.h">
      <Filter>Header Files</Filter>
    </ClInclude>
    <ClInclude Include="classes\classes\player.h">
      <Filter>Header Files</Filter>
    </ClInclude>
    <ClInclude Include="classesreview\classesreview\animal.h">
      <Filter>Header Files</Filter>
    </ClInclude>
    <ClInclude Include="mapcreator\mapcreator\tile.h">
      <Filter>Header Files</Filter>
    </ClInclude>
    <ClInclude Include="mapcreator\mapcreator\user.h">
      <Filter>Header Files</Filter>
    </ClInclude>
    <ClInclude Include="newprojectiles\newprojectiles\Actor.h">
      <Filter>Header Files</Filter>
    </ClInclude>
    <ClInclude Include="newprojectiles\newprojectiles\Character.h">
      <Filter>Header Files</Filter>
    </ClInclude>
    <ClInclude Include="newprojectiles\newprojectiles\Enemy.h">
      <Filter>Header Files</Filter>
    </ClInclude>
    <ClInclude Include="newprojectiles\newprojectiles\Map.h">
      <Filter>Header Files</Filter>
    </ClInclude>
    <ClInclude Include="newprojectiles\newprojectiles\Projectile.h">
      <Filter>Header Files</Filter>
    </ClInclude>
    <ClInclude Include="pingpong\pingpong\ball.h">
      <Filter>Header Files</Filter>
    </ClInclude>
    <ClInclude Include="pingpong\pingpong\paddle.h">
      <Filter>Header Files</Filter>
    </ClInclude>
    <ClInclude Include="roboticsc++learning\roboticsc++learning\main.h">
      <Filter>Header Files</Filter>
    </ClInclude>
    <ClInclude Include="rpg-dnd-adventure\rpg-dnd-adventure\character.h">
      <Filter>Header Files</Filter>
    </ClInclude>
    <ClInclude Include="rpg-dnd-adventure\rpg-dnd-adventure\enemy.h">
      <Filter>Header Files</Filter>
    </ClInclude>
    <ClInclude Include="rpg-dnd-adventure\rpg-dnd-adventure\player.h">
      <Filter>Header Files</Filter>
    </ClInclude>
    <ClInclude Include="rpgplayinggame\rpgplayinggame\character.h">
      <Filter>Header Files</Filter>
    </ClInclude>
    <ClInclude Include="rpgplayinggame\rpgplayinggame\enemy.h">
      <Filter>Header Files</Filter>
    </ClInclude>
    <ClInclude Include="rpgplayinggame\rpgplayinggame\Header.h">
      <Filter>Header Files</Filter>
    </ClInclude>
    <ClInclude Include="rpgplayinggame\rpgplayinggame\player.h">
      <Filter>Header Files</Filter>
    </ClInclude>
    <ClInclude Include="texttournamentturbo\texttournamentturbo\main.h">
      <Filter>Header Files</Filter>
    </ClInclude>
    <ClInclude Include="tilemap\tilemap\character.h">
      <Filter>Header Files</Filter>
    </ClInclude>
    <ClInclude Include="tilemap\tilemap\stdafx.h">
      <Filter>Header Files</Filter>
    </ClInclude>
    <ClInclude Include="tilemap\tilemap\targetver.h">
      <Filter>Header Files</Filter>
    </ClInclude>
    <ClInclude Include="tilemap\tilemap\Tile.h">
      <Filter>Header Files</Filter>
    </ClInclude>
  </ItemGroup>
</Project>